{"hokusai":{"tree-sitter":{"vendor/tree-sitter/build/lib/libtree-sitter.a":"2026-05-24 11:54:51 -0400"},"raylib":{"vendor/raylib/build/raylib/libraylib.a":"2026-05-24 11:54:55 -0400"},"nfd":{"vendor/nfd/build/libnfd.a":"2026-05-24 11:55:55 -0400"},"libuv":{"vendor/libuv/build/dist/lib/libuv.a":"2026-05-24 12:00:49 -0400"},"mruby":{"vendor/mruby/build/host/lib/libmruby.a":"2026-05-26 07:13:41 -0400"},"tlsuv":{"vendor/tlsuv/build/libtlsuv.a":"2026-05-24 12:15:18 -0400"}},"raylib":{"sdl3":{}},"tlsuv":{"libuv":{"vendor/libuv/build/dist/lib/libuv.a":"2026-05-24 12:00:49 -0400"},"llhttp":{"vendor/llhttp/dist/lib/libllhttp.a":"2026-05-24 12:07:17 -0400"},"mbedtls":{"vendor/mbedtls/build/dist/lib/libmbedtls.a":"2026-05-24 12:11:12 -0400"},"zlib":{"vendor/zlib/build/libz.a":"2026-05-24 12:12:37 -0400"}},"cli":{"hokusai":{}},"build":{"hokusai":{}}}